
Microsoft Visual Studio Solution File, Format Version 12.00
# Visual Studio Version 17
VisualStudioVersion = 17.6.33417.168
MinimumVisualStudioVersion = 10.0.40219.1
Project("{2150E333-8FDC-42A3-9474-1A3956D46DE8}") = "Library", "Library", "{16E74118-AE28-4F07-A46F-960E45E67CED}"
EndProject
Project("{9A19103F-16F7-4668-BE54-9A1E7A4F7556}") = "StoreInfoMaui", "..\src\StoreInfoMaui\StoreInfoMaui.csproj", "{D9F5DCEF-C2AA-43F6-ACC0-32817790284E}"
EndProject
Global
	GlobalSection(SolutionConfigurationPlatforms) = preSolution
		Ad-Hoc|Any CPU = Ad-Hoc|Any CPU
		Ad-Hoc|iPhone = Ad-Hoc|iPhone
		Ad-Hoc|iPhoneSimulator = Ad-Hoc|iPhoneSimulator
		AppStore|Any CPU = AppStore|Any CPU
		AppStore|iPhone = AppStore|iPhone
		AppStore|iPhoneSimulator = AppStore|iPhoneSimulator
		Debug|Any CPU = Debug|Any CPU
		Debug|iPhone = Debug|iPhone
		Debug|iPhoneSimulator = Debug|iPhoneSimulator
		Release|Any CPU = Release|Any CPU
		Release|iPhone = Release|iPhone
		Release|iPhoneSimulator = Release|iPhoneSimulator
	EndGlobalSection
	GlobalSection(ProjectConfigurationPlatforms) = postSolution
		{D9F5DCEF-C2AA-43F6-ACC0-32817790284E}.Ad-Hoc|Any CPU.ActiveCfg = Debug|Any CPU
		{D9F5DCEF-C2AA-43F6-ACC0-32817790284E}.Ad-Hoc|Any CPU.Build.0 = Debug|Any CPU
		{D9F5DCEF-C2AA-43F6-ACC0-32817790284E}.Ad-Hoc|iPhone.ActiveCfg = Debug|Any CPU
		{D9F5DCEF-C2AA-43F6-ACC0-32817790284E}.Ad-Hoc|iPhone.Build.0 = Debug|Any CPU
		{D9F5DCEF-C2AA-43F6-ACC0-32817790284E}.Ad-Hoc|iPhoneSimulator.ActiveCfg = Debug|Any CPU
		{D9F5DCEF-C2AA-43F6-ACC0-32817790284E}.Ad-Hoc|iPhoneSimulator.Build.0 = Debug|Any CPU
		{D9F5DCEF-C2AA-43F6-ACC0-32817790284E}.AppStore|Any CPU.ActiveCfg = Debug|Any CPU
		{D9F5DCEF-C2AA-43F6-ACC0-32817790284E}.AppStore|Any CPU.Build.0 = Debug|Any CPU
		{D9F5DCEF-C2AA-43F6-ACC0-32817790284E}.AppStore|iPhone.ActiveCfg = Debug|Any CPU
		{D9F5DCEF-C2AA-43F6-ACC0-32817790284E}.AppStore|iPhone.Build.0 = Debug|Any CPU
		{D9F5DCEF-C2AA-43F6-ACC0-32817790284E}.AppStore|iPhoneSimulator.ActiveCfg = Debug|Any CPU
		{D9F5DCEF-C2AA-43F6-ACC0-32817790284E}.AppStore|iPhoneSimulator.Build.0 = Debug|Any CPU
		{D9F5DCEF-C2AA-43F6-ACC0-32817790284E}.Debug|Any CPU.ActiveCfg = Debug|Any CPU
		{D9F5DCEF-C2AA-43F6-ACC0-32817790284E}.Debug|Any CPU.Build.0 = Debug|Any CPU
		{D9F5DCEF-C2AA-43F6-ACC0-32817790284E}.Debug|iPhone.ActiveCfg = Debug|Any CPU
		{D9F5DCEF-C2AA-43F6-ACC0-32817790284E}.Debug|iPhone.Build.0 = Debug|Any CPU
		{D9F5DCEF-C2AA-43F6-ACC0-32817790284E}.Debug|iPhoneSimulator.ActiveCfg = Debug|Any CPU
		{D9F5DCEF-C2AA-43F6-ACC0-32817790284E}.Debug|iPhoneSimulator.Build.0 = Debug|Any CPU
		{D9F5DCEF-C2AA-43F6-ACC0-32817790284E}.Release|Any CPU.ActiveCfg = Release|Any CPU
		{D9F5DCEF-C2AA-43F6-ACC0-32817790284E}.Release|Any CPU.Build.0 = Release|Any CPU
		{D9F5DCEF-C2AA-43F6-ACC0-32817790284E}.Release|iPhone.ActiveCfg = Release|Any CPU
		{D9F5DCEF-C2AA-43F6-ACC0-32817790284E}.Release|iPhone.Build.0 = Release|Any CPU
		{D9F5DCEF-C2AA-43F6-ACC0-32817790284E}.Release|iPhoneSimulator.ActiveCfg = Release|Any CPU
		{D9F5DCEF-C2AA-43F6-ACC0-32817790284E}.Release|iPhoneSimulator.Build.0 = Release|Any CPU
	EndGlobalSection
	GlobalSection(SolutionProperties) = preSolution
		HideSolutionNode = FALSE
	EndGlobalSection
	GlobalSection(ExtensibilityGlobals) = postSolution
		SolutionGuid = {8B669999-02B1-4DCD-AD10-9AC6F508F6D3}
	EndGlobalSection
EndGlobal
